
Microsoft Visual Studio Solution File, Format Version 12.00
# Visual Studio Version 16
VisualStudioVersion = 16.0.31624.102
MinimumVisualStudioVersion = 10.0.40219.1
Project("{FAE04EC0-301F-11D3-BF4B-00C04F79EFBC}") = "Perla-AP2-API-20190008", "Perla-AP2-API-20190008.csproj", "{81CC59F3-0D9A-42D6-AAFE-53171D6761A3}"
EndProject
Global
	GlobalSection(SolutionConfigurationPlatforms) = preSolution
		Debug|Any CPU = Debug|Any CPU
		Release|Any CPU = Release|Any CPU
	EndGlobalSection
	GlobalSection(ProjectConfigurationPlatforms) = postSolution
		{81CC59F3-0D9A-42D6-AAFE-53171D6761A3}.Debug|Any CPU.ActiveCfg = Debug|Any CPU
		{81CC59F3-0D9A-42D6-AAFE-53171D6761A3}.Debug|Any CPU.Build.0 = Debug|Any CPU
		{81CC59F3-0D9A-42D6-AAFE-53171D6761A3}.Release|Any CPU.ActiveCfg = Release|Any CPU
		{81CC59F3-0D9A-42D6-AAFE-53171D6761A3}.Release|Any CPU.Build.0 = Release|Any CPU
	EndGlobalSection
	GlobalSection(SolutionProperties) = preSolution
		HideSolutionNode = FALSE
	EndGlobalSection
	GlobalSection(ExtensibilityGlobals) = postSolution
		SolutionGuid = {651C83B4-88FD-422B-ACFA-B9A021A2FC14}
	EndGlobalSection
EndGlobal
